
Microsoft Visual Studio Solution File, Format Version 12.00
# Visual Studio Version 17
VisualStudioVersion = 17.1.32228.430
MinimumVisualStudioVersion = 10.0.40219.1
Project("{FAE04EC0-301F-11D3-BF4B-00C04F79EFBC}") = "ApiGateway", "ApiGateway\ApiGateway.csproj", "{745CA6DF-9188-468A-B85A-C7F0351DF69E}"
EndProject
Global
	GlobalSection(SolutionConfigurationPlatforms) = preSolution
		Debug|Any CPU = Debug|Any CPU
		Release|Any CPU = Release|Any CPU
	EndGlobalSection
	GlobalSection(ProjectConfigurationPlatforms) = postSolution
		{745CA6DF-9188-468A-B85A-C7F0351DF69E}.Debug|Any CPU.ActiveCfg = Debug|Any CPU
		{745CA6DF-9188-468A-B85A-C7F0351DF69E}.Debug|Any CPU.Build.0 = Debug|Any CPU
		{745CA6DF-9188-468A-B85A-C7F0351DF69E}.Release|Any CPU.ActiveCfg = Release|Any CPU
		{745CA6DF-9188-468A-B85A-C7F0351DF69E}.Release|Any CPU.Build.0 = Release|Any CPU
	EndGlobalSection
	GlobalSection(SolutionProperties) = preSolution
		HideSolutionNode = FALSE
	EndGlobalSection
	GlobalSection(ExtensibilityGlobals) = postSolution
		SolutionGuid = {1970B8D7-4DBB-4F3A-9F70-CFF1A82B1C80}
	EndGlobalSection
EndGlobal
